
Microsoft Visual Studio Solution File, Format Version 12.00
# Visual Studio Version 16
VisualStudioVersion = 16.0.30413.136
MinimumVisualStudioVersion = 10.0.40219.1
Project("{FAE04EC0-301F-11D3-BF4B-00C04F79EFBC}") = "CheckIP", "CheckIP\CheckIP.csproj", "{BC092962-F539-43BC-AED8-C73333A644B9}"
EndProject
Global
	GlobalSection(SolutionConfigurationPlatforms) = preSolution
		Debug|Any CPU = Debug|Any CPU
		Release|Any CPU = Release|Any CPU
	EndGlobalSection
	GlobalSection(ProjectConfigurationPlatforms) = postSolution
		{BC092962-F539-43BC-AED8-C73333A644B9}.Debug|Any CPU.ActiveCfg = Debug|Any CPU
		{BC092962-F539-43BC-AED8-C73333A644B9}.Debug|Any CPU.Build.0 = Debug|Any CPU
		{BC092962-F539-43BC-AED8-C73333A644B9}.Release|Any CPU.ActiveCfg = Release|Any CPU
		{BC092962-F539-43BC-AED8-C73333A644B9}.Release|Any CPU.Build.0 = Release|Any CPU
	EndGlobalSection
	GlobalSection(SolutionProperties) = preSolution
		HideSolutionNode = FALSE
	EndGlobalSection
	GlobalSection(ExtensibilityGlobals) = postSolution
		SolutionGuid = {4EDAD9AD-A60E-43A8-88CD-D18AD6B6F343}
	EndGlobalSection
EndGlobal
