
Microsoft Visual Studio Solution File, Format Version 12.00
# Visual Studio Version 16
VisualStudioVersion = 16.0.31911.196
MinimumVisualStudioVersion = 10.0.40219.1
Project("{FAE04EC0-301F-11D3-BF4B-00C04F79EFBC}") = "Port Scanner", "Port Scanner\Port Scanner.csproj", "{71FCD979-56AD-465D-84B4-40DD434696F1}"
EndProject
Global
	GlobalSection(SolutionConfigurationPlatforms) = preSolution
		Debug|Any CPU = Debug|Any CPU
		Release|Any CPU = Release|Any CPU
	EndGlobalSection
	GlobalSection(ProjectConfigurationPlatforms) = postSolution
		{71FCD979-56AD-465D-84B4-40DD434696F1}.Debug|Any CPU.ActiveCfg = Debug|Any CPU
		{71FCD979-56AD-465D-84B4-40DD434696F1}.Debug|Any CPU.Build.0 = Debug|Any CPU
		{71FCD979-56AD-465D-84B4-40DD434696F1}.Release|Any CPU.ActiveCfg = Release|Any CPU
		{71FCD979-56AD-465D-84B4-40DD434696F1}.Release|Any CPU.Build.0 = Release|Any CPU
	EndGlobalSection
	GlobalSection(SolutionProperties) = preSolution
		HideSolutionNode = FALSE
	EndGlobalSection
	GlobalSection(ExtensibilityGlobals) = postSolution
		SolutionGuid = {65D1CDE4-8631-4DA8-AB32-12513C85FB5E}
	EndGlobalSection
EndGlobal
