
Microsoft Visual Studio Solution File, Format Version 12.00
# Visual Studio Version 16
VisualStudioVersion = 16.0.30413.136
MinimumVisualStudioVersion = 10.0.40219.1
Project("{FAE04EC0-301F-11D3-BF4B-00C04F79EFBC}") = "Firma", "Firma\Firma.csproj", "{3FB35D31-9D43-4F8A-804A-6BF645C727C2}"
EndProject
Global
	GlobalSection(SolutionConfigurationPlatforms) = preSolution
		Debug|Any CPU = Debug|Any CPU
		Release|Any CPU = Release|Any CPU
	EndGlobalSection
	GlobalSection(ProjectConfigurationPlatforms) = postSolution
		{3FB35D31-9D43-4F8A-804A-6BF645C727C2}.Debug|Any CPU.ActiveCfg = Debug|Any CPU
		{3FB35D31-9D43-4F8A-804A-6BF645C727C2}.Debug|Any CPU.Build.0 = Debug|Any CPU
		{3FB35D31-9D43-4F8A-804A-6BF645C727C2}.Release|Any CPU.ActiveCfg = Release|Any CPU
		{3FB35D31-9D43-4F8A-804A-6BF645C727C2}.Release|Any CPU.Build.0 = Release|Any CPU
	EndGlobalSection
	GlobalSection(SolutionProperties) = preSolution
		HideSolutionNode = FALSE
	EndGlobalSection
	GlobalSection(ExtensibilityGlobals) = postSolution
		SolutionGuid = {092BAA19-523A-4F5E-877A-5269EAAEE971}
	EndGlobalSection
EndGlobal
